// !$*UTF8*$!
{
	archiveVersion = 1;
	classes = {
	};
	objectVersion = 46;
	objects = {

/* Begin PBXBuildFile section */
		25266F6E1CA921E600BC688B /* main.m in Sources */ = {isa = PBXBuildFile; fileRef = 25266F6D1CA921E600BC688B /* main.m */; };
		25266F711CA921E600BC688B /* AppDelegate.m in Sources */ = {isa = PBXBuildFile; fileRef = 25266F701CA921E600BC688B /* AppDelegate.m */; };
		25266F771CA921E600BC688B /* Main.storyboard in Resources */ = {isa = PBXBuildFile; fileRef = 25266F751CA921E600BC688B /* Main.storyboard */; };
		25266F791CA921E600BC688B /* Assets.xcassets in Resources */ = {isa = PBXBuildFile; fileRef = 25266F781CA921E600BC688B /* Assets.xcassets */; };
		25266F7C1CA921E600BC688B /* LaunchScreen.storyboard in Resources */ = {isa = PBXBuildFile; fileRef = 25266F7A1CA921E600BC688B /* LaunchScreen.storyboard */; };
		25266F871CA9274900BC688B /* MainViewController.m in Sources */ = {isa = PBXBuildFile; fileRef = 25266F861CA9274900BC688B /* MainViewController.m */; };
		25266F8A1CA927B700BC688B /* ExpressInfoTableViewController.m in Sources */ = {isa = PBXBuildFile; fileRef = 25266F891CA927B700BC688B /* ExpressInfoTableViewController.m */; };
		25266FCA1CAA1A3000BC688B /* ExpressInfo.framework in Frameworks */ = {isa = PBXBuildFile; fileRef = 25266FC91CAA1A3000BC688B /* ExpressInfo.framework */; };
		35B4265B10A2381C829AE206 /* libPods.a in Frameworks */ = {isa = PBXBuildFile; fileRef = D85E48544167A9CA7BC79051 /* libPods.a */; };
/* End PBXBuildFile section */

/* Begin PBXFileReference section */
		25266F691CA921E600BC688B /* ExpressQuery.app */ = {isa = PBXFileReference; explicitFileType = wrapper.application; includeInIndex = 0; path = ExpressQuery.app; sourceTree = BUILT_PRODUCTS_DIR; };
		25266F6D1CA921E600BC688B /* main.m */ = {isa = PBXFileReference; lastKnownFileType = sourcecode.c.objc; path = main.m; sourceTree = "<group>"; };
		25266F6F1CA921E600BC688B /* AppDelegate.h */ = {isa = PBXFileReference; lastKnownFileType = sourcecode.c.h; path = AppDelegate.h; sourceTree = "<group>"; };
		25266F701CA921E600BC688B /* AppDelegate.m */ = {isa = PBXFileReference; lastKnownFileType = sourcecode.c.objc; path = AppDelegate.m; sourceTree = "<group>"; };
		25266F761CA921E600BC688B /* Base */ = {isa = PBXFileReference; lastKnownFileType = file.storyboard; name = Base; path = Base.lproj/Main.storyboard; sourceTree = "<group>"; };
		25266F781CA921E600BC688B /* Assets.xcassets */ = {isa = PBXFileReference; lastKnownFileType = folder.assetcatalog; path = Assets.xcassets; sourceTree = "<group>"; };
		25266F7B1CA921E600BC688B /* Base */ = {isa = PBXFileReference; lastKnownFileType = file.storyboard; name = Base; path = Base.lproj/LaunchScreen.storyboard; sourceTree = "<group>"; };
		25266F7D1CA921E600BC688B /* Info.plist */ = {isa = PBXFileReference; lastKnownFileType = text.plist.xml; path = Info.plist; sourceTree = "<group>"; };
		25266F851CA9274900BC688B /* MainViewController.h */ = {isa = PBXFileReference; fileEncoding = 4; lastKnownFileType = sourcecode.c.h; path = MainViewController.h; sourceTree = "<group>"; };
		25266F861CA9274900BC688B /* MainViewController.m */ = {isa = PBXFileReference; fileEncoding = 4; lastKnownFileType = sourcecode.c.objc; path = MainViewController.m; sourceTree = "<group>"; };
		25266F881CA927B700BC688B /* ExpressInfoTableViewController.h */ = {isa = PBXFileReference; fileEncoding = 4; lastKnownFileType = sourcecode.c.h; path = ExpressInfoTableViewController.h; sourceTree = "<group>"; };
		25266F891CA927B700BC688B /* ExpressInfoTableViewController.m */ = {isa = PBXFileReference; fileEncoding = 4; lastKnownFileType = sourcecode.c.objc; path = ExpressInfoTableViewController.m; sourceTree = "<group>"; };
		25266FC91CAA1A3000BC688B /* ExpressInfo.framework */ = {isa = PBXFileReference; lastKnownFileType = wrapper.framework; path = ExpressInfo.framework; sourceTree = "<group>"; };
		C1E049DB05162D959DDBC55F /* Pods.debug.xcconfig */ = {isa = PBXFileReference; includeInIndex = 1; lastKnownFileType = text.xcconfig; name = Pods.debug.xcconfig; path = "Pods/Target Support Files/Pods/Pods.debug.xcconfig"; sourceTree = "<group>"; };
		C3A57E7C25FDC74F589FF5F9 /* Pods.release.xcconfig */ = {isa = PBXFileReference; includeInIndex = 1; lastKnownFileType = text.xcconfig; name = Pods.release.xcconfig; path = "Pods/Target Support Files/Pods/Pods.release.xcconfig"; sourceTree = "<group>"; };
		D85E48544167A9CA7BC79051 /* libPods.a */ = {isa = PBXFileReference; explicitFileType = archive.ar; includeInIndex = 0; path = libPods.a; sourceTree = BUILT_PRODUCTS_DIR; };
/* End PBXFileReference section */

/* Begin PBXFrameworksBuildPhase section */
		25266F661CA921E600BC688B /* Frameworks */ = {
			isa = PBXFrameworksBuildPhase;
			buildActionMask = 2147483647;
			files = (
				35B4265B10A2381C829AE206 /* libPods.a in Frameworks */,
				25266FCA1CAA1A3000BC688B /* ExpressInfo.framework in Frameworks */,
			);
			runOnlyForDeploymentPostprocessing = 0;
		};
/* End PBXFrameworksBuildPhase section */

/* Begin PBXGroup section */
		08349ED5716AE40C0EDBB1FC /* Frameworks */ = {
			isa = PBXGroup;
			children = (
				D85E48544167A9CA7BC79051 /* libPods.a */,
			);
			name = Frameworks;
			sourceTree = "<group>";
		};
		25266F601CA921E600BC688B = {
			isa = PBXGroup;
			children = (
				25266F6B1CA921E600BC688B /* ExpressQuery */,
				25266F6A1CA921E600BC688B /* Products */,
				C1B75517F91E8D72F9288887 /* Pods */,
				08349ED5716AE40C0EDBB1FC /* Frameworks */,
			);
			sourceTree = "<group>";
		};
		25266F6A1CA921E600BC688B /* Products */ = {
			isa = PBXGroup;
			children = (
				25266F691CA921E600BC688B /* ExpressQuery.app */,
			);
			name = Products;
			sourceTree = "<group>";
		};
		25266F6B1CA921E600BC688B /* ExpressQuery */ = {
			isa = PBXGroup;
			children = (
				25266FC91CAA1A3000BC688B /* ExpressInfo.framework */,
				25266F6F1CA921E600BC688B /* AppDelegate.h */,
				25266F701CA921E600BC688B /* AppDelegate.m */,
				25266F8B1CA927BF00BC688B /* ViewController */,
				25266F751CA921E600BC688B /* Main.storyboard */,
				25266F781CA921E600BC688B /* Assets.xcassets */,
				25266F7A1CA921E600BC688B /* LaunchScreen.storyboard */,
				25266F7D1CA921E600BC688B /* Info.plist */,
				25266F6C1CA921E600BC688B /* Supporting Files */,
			);
			path = ExpressQuery;
			sourceTree = "<group>";
		};
		25266F6C1CA921E600BC688B /* Supporting Files */ = {
			isa = PBXGroup;
			children = (
				25266F6D1CA921E600BC688B /* main.m */,
			);
			name = "Supporting Files";
			sourceTree = "<group>";
		};
		25266F8B1CA927BF00BC688B /* ViewController */ = {
			isa = PBXGroup;
			children = (
				25266F851CA9274900BC688B /* MainViewController.h */,
				25266F861CA9274900BC688B /* MainViewController.m */,
				25266F881CA927B700BC688B /* ExpressInfoTableViewController.h */,
				25266F891CA927B700BC688B /* ExpressInfoTableViewController.m */,
			);
			name = ViewController;
			sourceTree = "<group>";
		};
		C1B75517F91E8D72F9288887 /* Pods */ = {
			isa = PBXGroup;
			children = (
				C1E049DB05162D959DDBC55F /* Pods.debug.xcconfig */,
				C3A57E7C25FDC74F589FF5F9 /* Pods.release.xcconfig */,
			);
			name = Pods;
			sourceTree = "<group>";
		};
/* End PBXGroup section */

/* Begin PBXNativeTarget section */
		25266F681CA921E600BC688B /* ExpressQuery */ = {
			isa = PBXNativeTarget;
			buildConfigurationList = 25266F801CA921E600BC688B /* Build configuration list for PBXNativeTarget "ExpressQuery" */;
			buildPhases = (
				1DE666EA5E3692326B669DF6 /* Check Pods Manifest.lock */,
				25266F651CA921E600BC688B /* Sources */,
				25266F661CA921E600BC688B /* Frameworks */,
				25266F671CA921E600BC688B /* Resources */,
				6CB4B81F72A9745B475876C7 /* Embed Pods Frameworks */,
				5AE2FC1E1AD1D79084846E19 /* Copy Pods Resources */,
			);
			buildRules = (
			);
			dependencies = (
			);
			name = ExpressQuery;
			productName = ExpressQuery;
			productReference = 25266F691CA921E600BC688B /* ExpressQuery.app */;
			productType = "com.apple.product-type.application";
		};
/* End PBXNativeTarget section */

/* Begin PBXProject section */
		25266F611CA921E600BC688B /* Project object */ = {
			isa = PBXProject;
			attributes = {
				LastUpgradeCheck = 0730;
				ORGANIZATIONNAME = zengwenbin;
				TargetAttributes = {
					25266F681CA921E600BC688B = {
						CreatedOnToolsVersion = 7.3;
					};
				};
			};
			buildConfigurationList = 25266F641CA921E600BC688B /* Build configuration list for PBXProject "ExpressQuery" */;
			compatibilityVersion = "Xcode 3.2";
			developmentRegion = English;
			hasScannedForEncodings = 0;
			knownRegions = (
				en,
				Base,
			);
			mainGroup = 25266F601CA921E600BC688B;
			productRefGroup = 25266F6A1CA921E600BC688B /* Products */;
			projectDirPath = "";
			projectRoot = "";
			targets = (
				25266F681CA921E600BC688B /* ExpressQuery */,
			);
		};
/* End PBXProject section */

/* Begin PBXResourcesBuildPhase section */
		25266F671CA921E600BC688B /* Resources */ = {
			isa = PBXResourcesBuildPhase;
			buildActionMask = 2147483647;
			files = (
				25266F7C1CA921E600BC688B /* LaunchScreen.storyboard in Resources */,
				25266F791CA921E600BC688B /* Assets.xcassets in Resources */,
				25266F771CA921E600BC688B /* Main.storyboard in Resources */,
			);
			runOnlyForDeploymentPostprocessing = 0;
		};
/* End PBXResourcesBuildPhase section */

/* Begin PBXShellScriptBuildPhase section */
		1DE666EA5E3692326B669DF6 /* Check Pods Manifest.lock */ = {
			isa = PBXShellScriptBuildPhase;
			buildActionMask = 2147483647;
			files = (
			);
			inputPaths = (
			);
			name = "Check Pods Manifest.lock";
			outputPaths = (
			);
			runOnlyForDeploymentPostprocessing = 0;
			shellPath = /bin/sh;
			shellScript = "diff \"${PODS_ROOT}/../Podfile.lock\" \"${PODS_ROOT}/Manifest.lock\" > /dev/null\nif [[ $? != 0 ]] ; then\n    cat << EOM\nerror: The sandbox is not in sync with the Podfile.lock. Run 'pod install' or update your CocoaPods installation.\nEOM\n    exit 1\nfi\n";
			showEnvVarsInLog = 0;
		};
		5AE2FC1E1AD1D79084846E19 /* Copy Pods Resources */ = {
			isa = PBXShellScriptBuildPhase;
			buildActionMask = 2147483647;
			files = (
			);
			inputPaths = (
			);
			name = "Copy Pods Resources";
			outputPaths = (
			);
			runOnlyForDeploymentPostprocessing = 0;
			shellPath = /bin/sh;
			shellScript = "\"${SRCROOT}/Pods/Target Support Files/Pods/Pods-resources.sh\"\n";
			showEnvVarsInLog = 0;
		};
		6CB4B81F72A9745B475876C7 /* Embed Pods Frameworks */ = {
			isa = PBXShellScriptBuildPhase;
			buildActionMask = 2147483647;
			files = (
			);
			inputPaths = (
			);
			name = "Embed Pods Frameworks";
			outputPaths = (
			);
			runOnlyForDeploymentPostprocessing = 0;
			shellPath = /bin/sh;
			shellScript = "\"${SRCROOT}/Pods/Target Support Files/Pods/Pods-frameworks.sh\"\n";
			showEnvVarsInLog = 0;
		};
/* End PBXShellScriptBuildPhase section */

/* Begin PBXSourcesBuildPhase section */
		25266F651CA921E600BC688B /* Sources */ = {
			isa = PBXSourcesBuildPhase;
			buildActionMask = 2147483647;
			files = (
				25266F8A1CA927B700BC688B /* ExpressInfoTableViewController.m in Sources */,
				25266F711CA921E600BC688B /* AppDelegate.m in Sources */,
				25266F871CA9274900BC688B /* MainViewController.m in Sources */,
				25266F6E1CA921E600BC688B /* main.m in Sources */,
			);
			runOnlyForDeploymentPostprocessing = 0;
		};
/* End PBXSourcesBuildPhase section */

/* Begin PBXVariantGroup section */
		25266F751CA921E600BC688B /* Main.storyboard */ = {
			isa = PBXVariantGroup;
			children = (
				25266F761CA921E600BC688B /* Base */,
			);
			name = Main.storyboard;
			sourceTree = "<group>";
		};
		25266F7A1CA921E600BC688B /* LaunchScreen.storyboard */ = {
			isa = PBXVariantGroup;
			children = (
				25266F7B1CA921E600BC688B /* Base */,
			);
			name = LaunchScreen.storyboard;
			sourceTree = "<group>";
		};
/* End PBXVariantGroup section */

/* Begin XCBuildConfiguration section */
		25266F7E1CA921E600BC688B /* Debug */ = {
			isa = XCBuildConfiguration;
			buildSettings = {
				ALWAYS_SEARCH_USER_PATHS = NO;
				CLANG_ANALYZER_NONNULL = YES;
				CLANG_CXX_LANGUAGE_STANDARD = "gnu++0x";
				CLANG_CXX_LIBRARY = "libc++";
				CLANG_ENABLE_MODULES = YES;
				CLANG_ENABLE_OBJC_ARC = YES;
				CLANG_WARN_BOOL_CONVERSION = YES;
				CLANG_WARN_CONSTANT_CONVERSION = YES;
				CLANG_WARN_DIRECT_OBJC_ISA_USAGE = YES_ERROR;
				CLANG_WARN_EMPTY_BODY = YES;
				CLANG_WARN_ENUM_CONVERSION = YES;
				CLANG_WARN_INT_CONVERSION = YES;
				CLANG_WARN_OBJC_ROOT_CLASS = YES_ERROR;
				CLANG_WARN_UNREACHABLE_CODE = YES;
				CLANG_WARN__DUPLICATE_METHOD_MATCH = YES;
				"CODE_SIGN_IDENTITY[sdk=iphoneos*]" = "iPhone Developer";
				COPY_PHASE_STRIP = NO;
				DEBUG_INFORMATION_FORMAT = dwarf;
				ENABLE_STRICT_OBJC_MSGSEND = YES;
				ENABLE_TESTABILITY = YES;
				GCC_C_LANGUAGE_STANDARD = gnu99;
				GCC_DYNAMIC_NO_PIC = NO;
				GCC_NO_COMMON_BLOCKS = YES;
				GCC_OPTIMIZATION_LEVEL = 0;
				GCC_PREPROCESSOR_DEFINITIONS = (
					"DEBUG=1",
					"$(inherited)",
				);
				GCC_WARN_64_TO_32_BIT_CONVERSION = YES;
				GCC_WARN_ABOUT_RETURN_TYPE = YES_ERROR;
				GCC_WARN_UNDECLARED_SELECTOR = YES;
				GCC_WARN_UNINITIALIZED_AUTOS = YES_AGGRESSIVE;
				GCC_WARN_UNUSED_FUNCTION = YES;
				GCC_WARN_UNUSED_VARIABLE = YES;
				IPHONEOS_DEPLOYMENT_TARGET = 9.3;
				MTL_ENABLE_DEBUG_INFO = YES;
				ONLY_ACTIVE_ARCH = YES;
				SDKROOT = iphoneos;
			};
			name = Debug;
		};
		25266F7F1CA921E600BC688B /* Release */ = {
			isa = XCBuildConfiguration;
			buildSettings = {
				ALWAYS_SEARCH_USER_PATHS = NO;
				CLANG_ANALYZER_NONNULL = YES;
				CLANG_CXX_LANGUAGE_STANDARD = "gnu++0x";
				CLANG_CXX_LIBRARY = "libc++";
				CLANG_ENABLE_MODULES = YES;
				CLANG_ENABLE_OBJC_ARC = YES;
				CLANG_WARN_BOOL_CONVERSION = YES;
				CLANG_WARN_CONSTANT_CONVERSION = YES;
				CLANG_WARN_DIRECT_OBJC_ISA_USAGE = YES_ERROR;
				CLANG_WARN_EMPTY_BODY = YES;
				CLANG_WARN_ENUM_CONVERSION = YES;
				CLANG_WARN_INT_CONVERSION = YES;
				CLANG_WARN_OBJC_ROOT_CLASS = YES_ERROR;
				CLANG_WARN_UNREACHABLE_CODE = YES;
				CLANG_WARN__DUPLICATE_METHOD_MATCH = YES;
				"CODE_SIGN_IDENTITY[sdk=iphoneos*]" = "iPhone Developer";
				COPY_PHASE_STRIP = NO;
				DEBUG_INFORMATION_FORMAT = "dwarf-with-dsym";
				ENABLE_NS_ASSERTIONS = NO;
				ENABLE_STRICT_OBJC_MSGSEND = YES;
				GCC_C_LANGUAGE_STANDARD = gnu99;
				GCC_NO_COMMON_BLOCKS = YES;
				GCC_WARN_64_TO_32_BIT_CONVERSION = YES;
				GCC_WARN_ABOUT_RETURN_TYPE = YES_ERROR;
				GCC_WARN_UNDECLARED_SELECTOR = YES;
				GCC_WARN_UNINITIALIZED_AUTOS = YES_AGGRESSIVE;
				GCC_WARN_UNUSED_FUNCTION = YES;
				GCC_WARN_UNUSED_VARIABLE = YES;
				IPHONEOS_DEPLOYMENT_TARGET = 9.3;
				MTL_ENABLE_DEBUG_INFO = NO;
				SDKROOT = iphoneos;
				VALIDATE_PRODUCT = YES;
			};
			name = Release;
		};
		25266F811CA921E600BC688B /* Debug */ = {
			isa = XCBuildConfiguration;
			baseConfigurationReference = C1E049DB05162D959DDBC55F /* Pods.debug.xcconfig */;
			buildSettings = {
				ASSETCATALOG_COMPILER_APPICON_NAME = AppIcon;
				FRAMEWORK_SEARCH_PATHS = (
					"$(inherited)",
					"$(PROJECT_DIR)/ExpressQuery",
				);
				INFOPLIST_FILE = ExpressQuery/Info.plist;
				LD_RUNPATH_SEARCH_PATHS = "$(inherited) @executable_path/Frameworks";
				PRODUCT_BUNDLE_IDENTIFIER = com.yww.ExpressQuery;
				PRODUCT_NAME = "$(TARGET_NAME)";
			};
			name = Debug;
		};
		25266F821CA921E600BC688B /* Release */ = {
			isa = XCBuildConfiguration;
			baseConfigurationReference = C3A57E7C25FDC74F589FF5F9 /* Pods.release.xcconfig */;
			buildSettings = {
				ASSETCATALOG_COMPILER_APPICON_NAME = AppIcon;
				FRAMEWORK_SEARCH_PATHS = (
					"$(inherited)",
					"$(PROJECT_DIR)/ExpressQuery",
				);
				INFOPLIST_FILE = ExpressQuery/Info.plist;
				LD_RUNPATH_SEARCH_PATHS = "$(inherited) @executable_path/Frameworks";
				PRODUCT_BUNDLE_IDENTIFIER = com.yww.ExpressQuery;
				PRODUCT_NAME = "$(TARGET_NAME)";
			};
			name = Release;
		};
/* End XCBuildConfiguration section */

/* Begin XCConfigurationList section */
		25266F641CA921E600BC688B /* Build configuration list for PBXProject "ExpressQuery" */ = {
			isa = XCConfigurationList;
			buildConfigurations = (
				25266F7E1CA921E600BC688B /* Debug */,
				25266F7F1CA921E600BC688B /* Release */,
			);
			defaultConfigurationIsVisible = 0;
			defaultConfigurationName = Release;
		};
		25266F801CA921E600BC688B /* Build configuration list for PBXNativeTarget "ExpressQuery" */ = {
			isa = XCConfigurationList;
			buildConfigurations = (
				25266F811CA921E600BC688B /* Debug */,
				25266F821CA921E600BC688B /* Release */,
			);
			defaultConfigurationIsVisible = 0;
			defaultConfigurationName = Release;
		};
/* End XCConfigurationList section */
	};
	rootObject = 25266F611CA921E600BC688B /* Project object */;
}
